
Microsoft Visual Studio Solution File, Format Version 12.00
# Visual Studio Version 16
VisualStudioVersion = 16.0.29215.179
MinimumVisualStudioVersion = 10.0.40219.1
Project("{9A19103F-16F7-4668-BE54-9A1E7A4F7556}") = "AuthDemo", "AuthDemo\AuthDemo.csproj", "{F860E75D-B2D2-4683-8F62-BBF9E1DEE247}"
EndProject
Project("{9A19103F-16F7-4668-BE54-9A1E7A4F7556}") = "VsAuthApp", "VsAuthApp\VsAuthApp.csproj", "{583C396D-2031-43F8-959A-128E9F61CC28}"
EndProject
Global
	GlobalSection(SolutionConfigurationPlatforms) = preSolution
		Debug|Any CPU = Debug|Any CPU
		Release|Any CPU = Release|Any CPU
	EndGlobalSection
	GlobalSection(ProjectConfigurationPlatforms) = postSolution
		{F860E75D-B2D2-4683-8F62-BBF9E1DEE247}.Debug|Any CPU.ActiveCfg = Debug|Any CPU
		{F860E75D-B2D2-4683-8F62-BBF9E1DEE247}.Debug|Any CPU.Build.0 = Debug|Any CPU
		{F860E75D-B2D2-4683-8F62-BBF9E1DEE247}.Release|Any CPU.ActiveCfg = Release|Any CPU
		{F860E75D-B2D2-4683-8F62-BBF9E1DEE247}.Release|Any CPU.Build.0 = Release|Any CPU
		{583C396D-2031-43F8-959A-128E9F61CC28}.Debug|Any CPU.ActiveCfg = Debug|Any CPU
		{583C396D-2031-43F8-959A-128E9F61CC28}.Debug|Any CPU.Build.0 = Debug|Any CPU
		{583C396D-2031-43F8-959A-128E9F61CC28}.Release|Any CPU.ActiveCfg = Release|Any CPU
		{583C396D-2031-43F8-959A-128E9F61CC28}.Release|Any CPU.Build.0 = Release|Any CPU
	EndGlobalSection
	GlobalSection(SolutionProperties) = preSolution
		HideSolutionNode = FALSE
	EndGlobalSection
	GlobalSection(ExtensibilityGlobals) = postSolution
		SolutionGuid = {5771C42C-45F4-4178-B694-2CDBECE53E14}
	EndGlobalSection
EndGlobal
